
Microsoft Visual Studio Solution File, Format Version 12.00
# Visual Studio Version 17
VisualStudioVersion = 17.14.36414.22 d17.14
MinimumVisualStudioVersion = 10.0.40219.1
Project("{FAE04EC0-301F-11D3-BF4B-00C04F79EFBC}") = "MauiToolkitApp", "MauiToolkitApp\MauiToolkitApp.csproj", "{60A1A499-9245-478F-A559-1C95A2049BE5}"
EndProject
Global
	GlobalSection(SolutionConfigurationPlatforms) = preSolution
		Debug|Any CPU = Debug|Any CPU
		Release|Any CPU = Release|Any CPU
	EndGlobalSection
	GlobalSection(ProjectConfigurationPlatforms) = postSolution
		{60A1A499-9245-478F-A559-1C95A2049BE5}.Debug|Any CPU.ActiveCfg = Debug|Any CPU
		{60A1A499-9245-478F-A559-1C95A2049BE5}.Debug|Any CPU.Build.0 = Debug|Any CPU
		{60A1A499-9245-478F-A559-1C95A2049BE5}.Release|Any CPU.ActiveCfg = Release|Any CPU
		{60A1A499-9245-478F-A559-1C95A2049BE5}.Release|Any CPU.Build.0 = Release|Any CPU
	EndGlobalSection
	GlobalSection(SolutionProperties) = preSolution
		HideSolutionNode = FALSE
	EndGlobalSection
	GlobalSection(ExtensibilityGlobals) = postSolution
		SolutionGuid = {A70F6AF7-9601-4BB4-990D-2BC0819D7429}
	EndGlobalSection
EndGlobal
