
Microsoft Visual Studio Solution File, Format Version 12.00
# Visual Studio Version 17
VisualStudioVersion = 17.14.36414.22 d17.14
MinimumVisualStudioVersion = 10.0.40219.1
Project("{FAE04EC0-301F-11D3-BF4B-00C04F79EFBC}") = "MauiMvvmToolkitApp", "MauiMvvmToolkitApp\MauiMvvmToolkitApp.csproj", "{F34D6038-7E32-4709-BA64-2E975CF51AB5}"
EndProject
Global
	GlobalSection(SolutionConfigurationPlatforms) = preSolution
		Debug|Any CPU = Debug|Any CPU
		Release|Any CPU = Release|Any CPU
	EndGlobalSection
	GlobalSection(ProjectConfigurationPlatforms) = postSolution
		{F34D6038-7E32-4709-BA64-2E975CF51AB5}.Debug|Any CPU.ActiveCfg = Debug|Any CPU
		{F34D6038-7E32-4709-BA64-2E975CF51AB5}.Debug|Any CPU.Build.0 = Debug|Any CPU
		{F34D6038-7E32-4709-BA64-2E975CF51AB5}.Release|Any CPU.ActiveCfg = Release|Any CPU
		{F34D6038-7E32-4709-BA64-2E975CF51AB5}.Release|Any CPU.Build.0 = Release|Any CPU
	EndGlobalSection
	GlobalSection(SolutionProperties) = preSolution
		HideSolutionNode = FALSE
	EndGlobalSection
	GlobalSection(ExtensibilityGlobals) = postSolution
		SolutionGuid = {D849544D-8193-488F-9B98-35833B0D1C30}
	EndGlobalSection
EndGlobal
