Microsoft Visual Studio Solution File, Format Version 12.00
# Visual Studio Version 17
VisualStudioVersion = 17.13.35825.156
MinimumVisualStudioVersion = 10.0.40219.1
Project("{FAE04EC0-301F-11D3-BF4B-00C04F79EFBC}") = "UnoShoppingList", "UnoApp1\UnoShoppingList.csproj", "{B77B130C-2F7D-40D2-A996-CFDA840DA41E}"
EndProject
Project("{2150E333-8FDC-42A3-9474-1A3956D46DE8}") = "Solution Items", "Solution Items", "{02EA681E-C7D8-13C7-8484-4AC65E1B71E8}"
	ProjectSection(SolutionItems) = preProject
		.gitignore = .gitignore
		Directory.Build.props = Directory.Build.props
		Directory.Build.targets = Directory.Build.targets
		Directory.Packages.props = Directory.Packages.props
		global.json = global.json
	EndProjectSection
EndProject
Global
	GlobalSection(SolutionConfigurationPlatforms) = preSolution
		Debug|Any CPU = Debug|Any CPU
		Release|Any CPU = Release|Any CPU
	EndGlobalSection
	GlobalSection(ProjectConfigurationPlatforms) = postSolution
		{B77B130C-2F7D-40D2-A996-CFDA840DA41E}.Debug|Any CPU.ActiveCfg = Debug|Any CPU
		{B77B130C-2F7D-40D2-A996-CFDA840DA41E}.Debug|Any CPU.Build.0 = Debug|Any CPU
		{B77B130C-2F7D-40D2-A996-CFDA840DA41E}.Debug|Any CPU.Deploy.0 = Debug|Any CPU
		{B77B130C-2F7D-40D2-A996-CFDA840DA41E}.Release|Any CPU.ActiveCfg = Release|Any CPU
		{B77B130C-2F7D-40D2-A996-CFDA840DA41E}.Release|Any CPU.Build.0 = Release|Any CPU
		{B77B130C-2F7D-40D2-A996-CFDA840DA41E}.Release|Any CPU.Deploy.0 = Release|Any CPU
	EndGlobalSection
	GlobalSection(SolutionProperties) = preSolution
		HideSolutionNode = FALSE
	EndGlobalSection
	GlobalSection(ExtensibilityGlobals) = postSolution
		SolutionGuid = {FE6FC639-585B-4164-A573-22B51CB3D00F}
	EndGlobalSection
EndGlobal
