
Microsoft Visual Studio Solution File, Format Version 12.00
# Visual Studio Version 17
VisualStudioVersion = 17.9.34607.119
MinimumVisualStudioVersion = 10.0.40219.1
Project("{9A19103F-16F7-4668-BE54-9A1E7A4F7556}") = "ShoppingListSample.WinUI", "ShoppingListSample.WinUI\ShoppingListSample.WinUI.csproj", "{5D8AF9AA-1325-4BAA-971B-A33A4E8F2D50}"
EndProject
Project("{9A19103F-16F7-4668-BE54-9A1E7A4F7556}") = "ShoppingListSample.Maui", "ShoppingListSample.Maui\ShoppingListSample.Maui.csproj", "{4F9797C2-ABF4-421E-8CCF-FB63BD974AF6}"
EndProject
Project("{9A19103F-16F7-4668-BE54-9A1E7A4F7556}") = "ShoppingListSample.WinForms", "ShoppingListSample.WinForms\ShoppingListSample.WinForms.csproj", "{1A7CABF4-1FD5-471A-AD59-0E731FFB43DF}"
EndProject
Project("{9A19103F-16F7-4668-BE54-9A1E7A4F7556}") = "ShoppingListSample.Wpf", "ShoppingListSample.Wpf\ShoppingListSample.Wpf.csproj", "{D8094047-65D8-4039-9530-D12F8DD43EFC}"
EndProject
Project("{FAE04EC0-301F-11D3-BF4B-00C04F79EFBC}") = "ShoppingListSample.Uwp", "ShoppingListSample.Uwp\ShoppingListSample.Uwp.csproj", "{736DC47F-3E4A-42C6-89B3-293E4961830F}"
EndProject
Project("{9A19103F-16F7-4668-BE54-9A1E7A4F7556}") = "ShoppingListSample.BlazorHybrid", "ShoppingListSample.BlazorHybrid\ShoppingListSample.BlazorHybrid.csproj", "{5BCA01B7-F924-49C9-9FBC-F2803228B4B2}"
EndProject
Project("{FAE04EC0-301F-11D3-BF4B-00C04F79EFBC}") = "ShoppingListSample.Shared", "ShoppingListSample.Shared\ShoppingListSample.Shared.csproj", "{52D9BB82-42C6-40A3-BC9D-C9892D6D1AA0}"
EndProject
Global
	GlobalSection(SolutionConfigurationPlatforms) = preSolution
		Debug|Any CPU = Debug|Any CPU
		Debug|ARM = Debug|ARM
		Debug|ARM64 = Debug|ARM64
		Debug|x64 = Debug|x64
		Debug|x86 = Debug|x86
		Release|Any CPU = Release|Any CPU
		Release|ARM = Release|ARM
		Release|ARM64 = Release|ARM64
		Release|x64 = Release|x64
		Release|x86 = Release|x86
	EndGlobalSection
	GlobalSection(ProjectConfigurationPlatforms) = postSolution
		{5D8AF9AA-1325-4BAA-971B-A33A4E8F2D50}.Debug|Any CPU.ActiveCfg = Debug|x64
		{5D8AF9AA-1325-4BAA-971B-A33A4E8F2D50}.Debug|Any CPU.Build.0 = Debug|x64
		{5D8AF9AA-1325-4BAA-971B-A33A4E8F2D50}.Debug|Any CPU.Deploy.0 = Debug|x64
		{5D8AF9AA-1325-4BAA-971B-A33A4E8F2D50}.Debug|ARM.ActiveCfg = Debug|x64
		{5D8AF9AA-1325-4BAA-971B-A33A4E8F2D50}.Debug|ARM.Build.0 = Debug|x64
		{5D8AF9AA-1325-4BAA-971B-A33A4E8F2D50}.Debug|ARM.Deploy.0 = Debug|x64
		{5D8AF9AA-1325-4BAA-971B-A33A4E8F2D50}.Debug|ARM64.ActiveCfg = Debug|ARM64
		{5D8AF9AA-1325-4BAA-971B-A33A4E8F2D50}.Debug|ARM64.Build.0 = Debug|ARM64
		{5D8AF9AA-1325-4BAA-971B-A33A4E8F2D50}.Debug|ARM64.Deploy.0 = Debug|ARM64
		{5D8AF9AA-1325-4BAA-971B-A33A4E8F2D50}.Debug|x64.ActiveCfg = Debug|x64
		{5D8AF9AA-1325-4BAA-971B-A33A4E8F2D50}.Debug|x64.Build.0 = Debug|x64
		{5D8AF9AA-1325-4BAA-971B-A33A4E8F2D50}.Debug|x64.Deploy.0 = Debug|x64
		{5D8AF9AA-1325-4BAA-971B-A33A4E8F2D50}.Debug|x86.ActiveCfg = Debug|x86
		{5D8AF9AA-1325-4BAA-971B-A33A4E8F2D50}.Debug|x86.Build.0 = Debug|x86
		{5D8AF9AA-1325-4BAA-971B-A33A4E8F2D50}.Debug|x86.Deploy.0 = Debug|x86
		{5D8AF9AA-1325-4BAA-971B-A33A4E8F2D50}.Release|Any CPU.ActiveCfg = Release|x64
		{5D8AF9AA-1325-4BAA-971B-A33A4E8F2D50}.Release|Any CPU.Build.0 = Release|x64
		{5D8AF9AA-1325-4BAA-971B-A33A4E8F2D50}.Release|Any CPU.Deploy.0 = Release|x64
		{5D8AF9AA-1325-4BAA-971B-A33A4E8F2D50}.Release|ARM.ActiveCfg = Release|x64
		{5D8AF9AA-1325-4BAA-971B-A33A4E8F2D50}.Release|ARM.Build.0 = Release|x64
		{5D8AF9AA-1325-4BAA-971B-A33A4E8F2D50}.Release|ARM.Deploy.0 = Release|x64
		{5D8AF9AA-1325-4BAA-971B-A33A4E8F2D50}.Release|ARM64.ActiveCfg = Release|ARM64
		{5D8AF9AA-1325-4BAA-971B-A33A4E8F2D50}.Release|ARM64.Build.0 = Release|ARM64
		{5D8AF9AA-1325-4BAA-971B-A33A4E8F2D50}.Release|ARM64.Deploy.0 = Release|ARM64
		{5D8AF9AA-1325-4BAA-971B-A33A4E8F2D50}.Release|x64.ActiveCfg = Release|x64
		{5D8AF9AA-1325-4BAA-971B-A33A4E8F2D50}.Release|x64.Build.0 = Release|x64
		{5D8AF9AA-1325-4BAA-971B-A33A4E8F2D50}.Release|x64.Deploy.0 = Release|x64
		{5D8AF9AA-1325-4BAA-971B-A33A4E8F2D50}.Release|x86.ActiveCfg = Release|x86
		{5D8AF9AA-1325-4BAA-971B-A33A4E8F2D50}.Release|x86.Build.0 = Release|x86
		{5D8AF9AA-1325-4BAA-971B-A33A4E8F2D50}.Release|x86.Deploy.0 = Release|x86
		{4F9797C2-ABF4-421E-8CCF-FB63BD974AF6}.Debug|Any CPU.ActiveCfg = Debug|Any CPU
		{4F9797C2-ABF4-421E-8CCF-FB63BD974AF6}.Debug|Any CPU.Build.0 = Debug|Any CPU
		{4F9797C2-ABF4-421E-8CCF-FB63BD974AF6}.Debug|Any CPU.Deploy.0 = Debug|Any CPU
		{4F9797C2-ABF4-421E-8CCF-FB63BD974AF6}.Debug|ARM.ActiveCfg = Debug|Any CPU
		{4F9797C2-ABF4-421E-8CCF-FB63BD974AF6}.Debug|ARM.Build.0 = Debug|Any CPU
		{4F9797C2-ABF4-421E-8CCF-FB63BD974AF6}.Debug|ARM.Deploy.0 = Debug|Any CPU
		{4F9797C2-ABF4-421E-8CCF-FB63BD974AF6}.Debug|ARM64.ActiveCfg = Debug|Any CPU
		{4F9797C2-ABF4-421E-8CCF-FB63BD974AF6}.Debug|ARM64.Build.0 = Debug|Any CPU
		{4F9797C2-ABF4-421E-8CCF-FB63BD974AF6}.Debug|ARM64.Deploy.0 = Debug|Any CPU
		{4F9797C2-ABF4-421E-8CCF-FB63BD974AF6}.Debug|x64.ActiveCfg = Debug|Any CPU
		{4F9797C2-ABF4-421E-8CCF-FB63BD974AF6}.Debug|x64.Build.0 = Debug|Any CPU
		{4F9797C2-ABF4-421E-8CCF-FB63BD974AF6}.Debug|x64.Deploy.0 = Debug|Any CPU
		{4F9797C2-ABF4-421E-8CCF-FB63BD974AF6}.Debug|x86.ActiveCfg = Debug|Any CPU
		{4F9797C2-ABF4-421E-8CCF-FB63BD974AF6}.Debug|x86.Build.0 = Debug|Any CPU
		{4F9797C2-ABF4-421E-8CCF-FB63BD974AF6}.Debug|x86.Deploy.0 = Debug|Any CPU
		{4F9797C2-ABF4-421E-8CCF-FB63BD974AF6}.Release|Any CPU.ActiveCfg = Release|Any CPU
		{4F9797C2-ABF4-421E-8CCF-FB63BD974AF6}.Release|Any CPU.Build.0 = Release|Any CPU
		{4F9797C2-ABF4-421E-8CCF-FB63BD974AF6}.Release|Any CPU.Deploy.0 = Release|Any CPU
		{4F9797C2-ABF4-421E-8CCF-FB63BD974AF6}.Release|ARM.ActiveCfg = Release|Any CPU
		{4F9797C2-ABF4-421E-8CCF-FB63BD974AF6}.Release|ARM.Build.0 = Release|Any CPU
		{4F9797C2-ABF4-421E-8CCF-FB63BD974AF6}.Release|ARM.Deploy.0 = Release|Any CPU
		{4F9797C2-ABF4-421E-8CCF-FB63BD974AF6}.Release|ARM64.ActiveCfg = Release|Any CPU
		{4F9797C2-ABF4-421E-8CCF-FB63BD974AF6}.Release|ARM64.Build.0 = Release|Any CPU
		{4F9797C2-ABF4-421E-8CCF-FB63BD974AF6}.Release|ARM64.Deploy.0 = Release|Any CPU
		{4F9797C2-ABF4-421E-8CCF-FB63BD974AF6}.Release|x64.ActiveCfg = Release|Any CPU
		{4F9797C2-ABF4-421E-8CCF-FB63BD974AF6}.Release|x64.Build.0 = Release|Any CPU
		{4F9797C2-ABF4-421E-8CCF-FB63BD974AF6}.Release|x64.Deploy.0 = Release|Any CPU
		{4F9797C2-ABF4-421E-8CCF-FB63BD974AF6}.Release|x86.ActiveCfg = Release|Any CPU
		{4F9797C2-ABF4-421E-8CCF-FB63BD974AF6}.Release|x86.Build.0 = Release|Any CPU
		{4F9797C2-ABF4-421E-8CCF-FB63BD974AF6}.Release|x86.Deploy.0 = Release|Any CPU
		{1A7CABF4-1FD5-471A-AD59-0E731FFB43DF}.Debug|Any CPU.ActiveCfg = Debug|Any CPU
		{1A7CABF4-1FD5-471A-AD59-0E731FFB43DF}.Debug|Any CPU.Build.0 = Debug|Any CPU
		{1A7CABF4-1FD5-471A-AD59-0E731FFB43DF}.Debug|ARM.ActiveCfg = Debug|Any CPU
		{1A7CABF4-1FD5-471A-AD59-0E731FFB43DF}.Debug|ARM.Build.0 = Debug|Any CPU
		{1A7CABF4-1FD5-471A-AD59-0E731FFB43DF}.Debug|ARM64.ActiveCfg = Debug|Any CPU
		{1A7CABF4-1FD5-471A-AD59-0E731FFB43DF}.Debug|ARM64.Build.0 = Debug|Any CPU
		{1A7CABF4-1FD5-471A-AD59-0E731FFB43DF}.Debug|x64.ActiveCfg = Debug|Any CPU
		{1A7CABF4-1FD5-471A-AD59-0E731FFB43DF}.Debug|x64.Build.0 = Debug|Any CPU
		{1A7CABF4-1FD5-471A-AD59-0E731FFB43DF}.Debug|x86.ActiveCfg = Debug|Any CPU
		{1A7CABF4-1FD5-471A-AD59-0E731FFB43DF}.Debug|x86.Build.0 = Debug|Any CPU
		{1A7CABF4-1FD5-471A-AD59-0E731FFB43DF}.Release|Any CPU.ActiveCfg = Release|Any CPU
		{1A7CABF4-1FD5-471A-AD59-0E731FFB43DF}.Release|Any CPU.Build.0 = Release|Any CPU
		{1A7CABF4-1FD5-471A-AD59-0E731FFB43DF}.Release|ARM.ActiveCfg = Release|Any CPU
		{1A7CABF4-1FD5-471A-AD59-0E731FFB43DF}.Release|ARM.Build.0 = Release|Any CPU
		{1A7CABF4-1FD5-471A-AD59-0E731FFB43DF}.Release|ARM64.ActiveCfg = Release|Any CPU
		{1A7CABF4-1FD5-471A-AD59-0E731FFB43DF}.Release|ARM64.Build.0 = Release|Any CPU
		{1A7CABF4-1FD5-471A-AD59-0E731FFB43DF}.Release|x64.ActiveCfg = Release|Any CPU
		{1A7CABF4-1FD5-471A-AD59-0E731FFB43DF}.Release|x64.Build.0 = Release|Any CPU
		{1A7CABF4-1FD5-471A-AD59-0E731FFB43DF}.Release|x86.ActiveCfg = Release|Any CPU
		{1A7CABF4-1FD5-471A-AD59-0E731FFB43DF}.Release|x86.Build.0 = Release|Any CPU
		{D8094047-65D8-4039-9530-D12F8DD43EFC}.Debug|Any CPU.ActiveCfg = Debug|Any CPU
		{D8094047-65D8-4039-9530-D12F8DD43EFC}.Debug|Any CPU.Build.0 = Debug|Any CPU
		{D8094047-65D8-4039-9530-D12F8DD43EFC}.Debug|ARM.ActiveCfg = Debug|Any CPU
		{D8094047-65D8-4039-9530-D12F8DD43EFC}.Debug|ARM.Build.0 = Debug|Any CPU
		{D8094047-65D8-4039-9530-D12F8DD43EFC}.Debug|ARM64.ActiveCfg = Debug|Any CPU
		{D8094047-65D8-4039-9530-D12F8DD43EFC}.Debug|ARM64.Build.0 = Debug|Any CPU
		{D8094047-65D8-4039-9530-D12F8DD43EFC}.Debug|x64.ActiveCfg = Debug|Any CPU
		{D8094047-65D8-4039-9530-D12F8DD43EFC}.Debug|x64.Build.0 = Debug|Any CPU
		{D8094047-65D8-4039-9530-D12F8DD43EFC}.Debug|x86.ActiveCfg = Debug|Any CPU
		{D8094047-65D8-4039-9530-D12F8DD43EFC}.Debug|x86.Build.0 = Debug|Any CPU
		{D8094047-65D8-4039-9530-D12F8DD43EFC}.Release|Any CPU.ActiveCfg = Release|Any CPU
		{D8094047-65D8-4039-9530-D12F8DD43EFC}.Release|Any CPU.Build.0 = Release|Any CPU
		{D8094047-65D8-4039-9530-D12F8DD43EFC}.Release|ARM.ActiveCfg = Release|Any CPU
		{D8094047-65D8-4039-9530-D12F8DD43EFC}.Release|ARM.Build.0 = Release|Any CPU
		{D8094047-65D8-4039-9530-D12F8DD43EFC}.Release|ARM64.ActiveCfg = Release|Any CPU
		{D8094047-65D8-4039-9530-D12F8DD43EFC}.Release|ARM64.Build.0 = Release|Any CPU
		{D8094047-65D8-4039-9530-D12F8DD43EFC}.Release|x64.ActiveCfg = Release|Any CPU
		{D8094047-65D8-4039-9530-D12F8DD43EFC}.Release|x64.Build.0 = Release|Any CPU
		{D8094047-65D8-4039-9530-D12F8DD43EFC}.Release|x86.ActiveCfg = Release|Any CPU
		{D8094047-65D8-4039-9530-D12F8DD43EFC}.Release|x86.Build.0 = Release|Any CPU
		{736DC47F-3E4A-42C6-89B3-293E4961830F}.Debug|Any CPU.ActiveCfg = Debug|x64
		{736DC47F-3E4A-42C6-89B3-293E4961830F}.Debug|Any CPU.Build.0 = Debug|x64
		{736DC47F-3E4A-42C6-89B3-293E4961830F}.Debug|Any CPU.Deploy.0 = Debug|x64
		{736DC47F-3E4A-42C6-89B3-293E4961830F}.Debug|ARM.ActiveCfg = Debug|ARM
		{736DC47F-3E4A-42C6-89B3-293E4961830F}.Debug|ARM.Build.0 = Debug|ARM
		{736DC47F-3E4A-42C6-89B3-293E4961830F}.Debug|ARM.Deploy.0 = Debug|ARM
		{736DC47F-3E4A-42C6-89B3-293E4961830F}.Debug|ARM64.ActiveCfg = Debug|ARM64
		{736DC47F-3E4A-42C6-89B3-293E4961830F}.Debug|ARM64.Build.0 = Debug|ARM64
		{736DC47F-3E4A-42C6-89B3-293E4961830F}.Debug|ARM64.Deploy.0 = Debug|ARM64
		{736DC47F-3E4A-42C6-89B3-293E4961830F}.Debug|x64.ActiveCfg = Debug|x64
		{736DC47F-3E4A-42C6-89B3-293E4961830F}.Debug|x64.Build.0 = Debug|x64
		{736DC47F-3E4A-42C6-89B3-293E4961830F}.Debug|x64.Deploy.0 = Debug|x64
		{736DC47F-3E4A-42C6-89B3-293E4961830F}.Debug|x86.ActiveCfg = Debug|x86
		{736DC47F-3E4A-42C6-89B3-293E4961830F}.Debug|x86.Build.0 = Debug|x86
		{736DC47F-3E4A-42C6-89B3-293E4961830F}.Debug|x86.Deploy.0 = Debug|x86
		{736DC47F-3E4A-42C6-89B3-293E4961830F}.Release|Any CPU.ActiveCfg = Release|x64
		{736DC47F-3E4A-42C6-89B3-293E4961830F}.Release|Any CPU.Build.0 = Release|x64
		{736DC47F-3E4A-42C6-89B3-293E4961830F}.Release|Any CPU.Deploy.0 = Release|x64
		{736DC47F-3E4A-42C6-89B3-293E4961830F}.Release|ARM.ActiveCfg = Release|ARM
		{736DC47F-3E4A-42C6-89B3-293E4961830F}.Release|ARM.Build.0 = Release|ARM
		{736DC47F-3E4A-42C6-89B3-293E4961830F}.Release|ARM.Deploy.0 = Release|ARM
		{736DC47F-3E4A-42C6-89B3-293E4961830F}.Release|ARM64.ActiveCfg = Release|ARM64
		{736DC47F-3E4A-42C6-89B3-293E4961830F}.Release|ARM64.Build.0 = Release|ARM64
		{736DC47F-3E4A-42C6-89B3-293E4961830F}.Release|ARM64.Deploy.0 = Release|ARM64
		{736DC47F-3E4A-42C6-89B3-293E4961830F}.Release|x64.ActiveCfg = Release|x64
		{736DC47F-3E4A-42C6-89B3-293E4961830F}.Release|x64.Build.0 = Release|x64
		{736DC47F-3E4A-42C6-89B3-293E4961830F}.Release|x64.Deploy.0 = Release|x64
		{736DC47F-3E4A-42C6-89B3-293E4961830F}.Release|x86.ActiveCfg = Release|x86
		{736DC47F-3E4A-42C6-89B3-293E4961830F}.Release|x86.Build.0 = Release|x86
		{736DC47F-3E4A-42C6-89B3-293E4961830F}.Release|x86.Deploy.0 = Release|x86
		{5BCA01B7-F924-49C9-9FBC-F2803228B4B2}.Debug|Any CPU.ActiveCfg = Debug|Any CPU
		{5BCA01B7-F924-49C9-9FBC-F2803228B4B2}.Debug|Any CPU.Build.0 = Debug|Any CPU
		{5BCA01B7-F924-49C9-9FBC-F2803228B4B2}.Debug|ARM.ActiveCfg = Debug|Any CPU
		{5BCA01B7-F924-49C9-9FBC-F2803228B4B2}.Debug|ARM.Build.0 = Debug|Any CPU
		{5BCA01B7-F924-49C9-9FBC-F2803228B4B2}.Debug|ARM64.ActiveCfg = Debug|Any CPU
		{5BCA01B7-F924-49C9-9FBC-F2803228B4B2}.Debug|ARM64.Build.0 = Debug|Any CPU
		{5BCA01B7-F924-49C9-9FBC-F2803228B4B2}.Debug|x64.ActiveCfg = Debug|Any CPU
		{5BCA01B7-F924-49C9-9FBC-F2803228B4B2}.Debug|x64.Build.0 = Debug|Any CPU
		{5BCA01B7-F924-49C9-9FBC-F2803228B4B2}.Debug|x86.ActiveCfg = Debug|Any CPU
		{5BCA01B7-F924-49C9-9FBC-F2803228B4B2}.Debug|x86.Build.0 = Debug|Any CPU
		{5BCA01B7-F924-49C9-9FBC-F2803228B4B2}.Release|Any CPU.ActiveCfg = Release|Any CPU
		{5BCA01B7-F924-49C9-9FBC-F2803228B4B2}.Release|Any CPU.Build.0 = Release|Any CPU
		{5BCA01B7-F924-49C9-9FBC-F2803228B4B2}.Release|ARM.ActiveCfg = Release|Any CPU
		{5BCA01B7-F924-49C9-9FBC-F2803228B4B2}.Release|ARM.Build.0 = Release|Any CPU
		{5BCA01B7-F924-49C9-9FBC-F2803228B4B2}.Release|ARM64.ActiveCfg = Release|Any CPU
		{5BCA01B7-F924-49C9-9FBC-F2803228B4B2}.Release|ARM64.Build.0 = Release|Any CPU
		{5BCA01B7-F924-49C9-9FBC-F2803228B4B2}.Release|x64.ActiveCfg = Release|Any CPU
		{5BCA01B7-F924-49C9-9FBC-F2803228B4B2}.Release|x64.Build.0 = Release|Any CPU
		{5BCA01B7-F924-49C9-9FBC-F2803228B4B2}.Release|x86.ActiveCfg = Release|Any CPU
		{5BCA01B7-F924-49C9-9FBC-F2803228B4B2}.Release|x86.Build.0 = Release|Any CPU
		{52D9BB82-42C6-40A3-BC9D-C9892D6D1AA0}.Debug|Any CPU.ActiveCfg = Debug|Any CPU
		{52D9BB82-42C6-40A3-BC9D-C9892D6D1AA0}.Debug|Any CPU.Build.0 = Debug|Any CPU
		{52D9BB82-42C6-40A3-BC9D-C9892D6D1AA0}.Debug|ARM.ActiveCfg = Debug|Any CPU
		{52D9BB82-42C6-40A3-BC9D-C9892D6D1AA0}.Debug|ARM.Build.0 = Debug|Any CPU
		{52D9BB82-42C6-40A3-BC9D-C9892D6D1AA0}.Debug|ARM64.ActiveCfg = Debug|Any CPU
		{52D9BB82-42C6-40A3-BC9D-C9892D6D1AA0}.Debug|ARM64.Build.0 = Debug|Any CPU
		{52D9BB82-42C6-40A3-BC9D-C9892D6D1AA0}.Debug|x64.ActiveCfg = Debug|Any CPU
		{52D9BB82-42C6-40A3-BC9D-C9892D6D1AA0}.Debug|x64.Build.0 = Debug|Any CPU
		{52D9BB82-42C6-40A3-BC9D-C9892D6D1AA0}.Debug|x86.ActiveCfg = Debug|Any CPU
		{52D9BB82-42C6-40A3-BC9D-C9892D6D1AA0}.Debug|x86.Build.0 = Debug|Any CPU
		{52D9BB82-42C6-40A3-BC9D-C9892D6D1AA0}.Release|Any CPU.ActiveCfg = Release|Any CPU
		{52D9BB82-42C6-40A3-BC9D-C9892D6D1AA0}.Release|Any CPU.Build.0 = Release|Any CPU
		{52D9BB82-42C6-40A3-BC9D-C9892D6D1AA0}.Release|ARM.ActiveCfg = Release|Any CPU
		{52D9BB82-42C6-40A3-BC9D-C9892D6D1AA0}.Release|ARM.Build.0 = Release|Any CPU
		{52D9BB82-42C6-40A3-BC9D-C9892D6D1AA0}.Release|ARM64.ActiveCfg = Release|Any CPU
		{52D9BB82-42C6-40A3-BC9D-C9892D6D1AA0}.Release|ARM64.Build.0 = Release|Any CPU
		{52D9BB82-42C6-40A3-BC9D-C9892D6D1AA0}.Release|x64.ActiveCfg = Release|Any CPU
		{52D9BB82-42C6-40A3-BC9D-C9892D6D1AA0}.Release|x64.Build.0 = Release|Any CPU
		{52D9BB82-42C6-40A3-BC9D-C9892D6D1AA0}.Release|x86.ActiveCfg = Release|Any CPU
		{52D9BB82-42C6-40A3-BC9D-C9892D6D1AA0}.Release|x86.Build.0 = Release|Any CPU
	EndGlobalSection
	GlobalSection(SolutionProperties) = preSolution
		HideSolutionNode = FALSE
	EndGlobalSection
	GlobalSection(ExtensibilityGlobals) = postSolution
		SolutionGuid = {0CAB2EE7-E849-4D71-A14E-125B6EB21ED7}
	EndGlobalSection
EndGlobal
